
Microsoft Visual Studio Solution File, Format Version 12.00
# Visual Studio Version 16
VisualStudioVersion = 16.0.29613.14
MinimumVisualStudioVersion = 10.0.40219.1
Project("{FAE04EC0-301F-11D3-BF4B-00C04F79EFBC}") = "efcore.console", "efcore.console.csproj", "{7F2EF596-77B9-4F0A-BD75-6016305CA003}"
EndProject
Global
	GlobalSection(SolutionConfigurationPlatforms) = preSolution
		Debug|Any CPU = Debug|Any CPU
		Release|Any CPU = Release|Any CPU
	EndGlobalSection
	GlobalSection(ProjectConfigurationPlatforms) = postSolution
		{7F2EF596-77B9-4F0A-BD75-6016305CA003}.Debug|Any CPU.ActiveCfg = Debug|Any CPU
		{7F2EF596-77B9-4F0A-BD75-6016305CA003}.Debug|Any CPU.Build.0 = Debug|Any CPU
		{7F2EF596-77B9-4F0A-BD75-6016305CA003}.Release|Any CPU.ActiveCfg = Release|Any CPU
		{7F2EF596-77B9-4F0A-BD75-6016305CA003}.Release|Any CPU.Build.0 = Release|Any CPU
	EndGlobalSection
	GlobalSection(SolutionProperties) = preSolution
		HideSolutionNode = FALSE
	EndGlobalSection
	GlobalSection(ExtensibilityGlobals) = postSolution
		SolutionGuid = {1F314915-D7B6-40F7-A63A-E6F9C6F3FDFA}
	EndGlobalSection
EndGlobal
